
Microsoft Visual Studio Solution File, Format Version 12.00
# Visual Studio Version 16
VisualStudioVersion = 16.0.32428.217
MinimumVisualStudioVersion = 10.0.40219.1
Project("{FAE04EC0-301F-11D3-BF4B-00C04F79EFBC}") = "TaskManager", "TaskManager\TaskManager.csproj", "{0E0D97AC-9B4E-41A9-B593-0C6F51E3CA73}"
EndProject
Global
	GlobalSection(SolutionConfigurationPlatforms) = preSolution
		Debug|Any CPU = Debug|Any CPU
		Release|Any CPU = Release|Any CPU
	EndGlobalSection
	GlobalSection(ProjectConfigurationPlatforms) = postSolution
		{0E0D97AC-9B4E-41A9-B593-0C6F51E3CA73}.Debug|Any CPU.ActiveCfg = Debug|Any CPU
		{0E0D97AC-9B4E-41A9-B593-0C6F51E3CA73}.Debug|Any CPU.Build.0 = Debug|Any CPU
		{0E0D97AC-9B4E-41A9-B593-0C6F51E3CA73}.Release|Any CPU.ActiveCfg = Release|Any CPU
		{0E0D97AC-9B4E-41A9-B593-0C6F51E3CA73}.Release|Any CPU.Build.0 = Release|Any CPU
	EndGlobalSection
	GlobalSection(SolutionProperties) = preSolution
		HideSolutionNode = FALSE
	EndGlobalSection
	GlobalSection(ExtensibilityGlobals) = postSolution
		SolutionGuid = {B663E21B-55CD-41E2-A726-B93C5EB012CB}
	EndGlobalSection
EndGlobal
